
Microsoft Visual Studio Solution File, Format Version 12.00
# Visual Studio Version 17
VisualStudioVersion = 17.0.31903.59
MinimumVisualStudioVersion = 10.0.40219.1
Project("{2150E333-8FDC-42A3-9474-1A3956D46DE8}") = "Solution Items", "Solution Items", "{8EC462FD-D22E-90A8-E5CE-7E832BA40C5D}"
	ProjectSection(SolutionItems) = preProject
		Backend Developer Hiring Assessment - Practical.txt = Backend Developer Hiring Assessment - Practical.txt
		PROJECT_PLAN.md = PROJECT_PLAN.md
		PROJECT_PLAN_MERGED.md = PROJECT_PLAN_MERGED.md
		PROJECT_PLAN_TDD.md = PROJECT_PLAN_TDD.md
	EndProjectSection
EndProject
Project("{FAE04EC0-301F-11D3-BF4B-00C04F79EFBC}") = "QuartileChallenge.Infrastructure", "src\QuartileChallenge.Infrastructure\QuartileChallenge.Infrastructure.csproj", "{3907E1FC-2B52-96DE-1D0B-F8AA1BDDECED}"
EndProject
Project("{2150E333-8FDC-42A3-9474-1A3956D46DE8}") = "src", "src", "{02EA681E-C7D8-13C7-8484-4AC65E1B71E8}"
EndProject
Project("{FAE04EC0-301F-11D3-BF4B-00C04F79EFBC}") = "QuartileChallenge.Core", "src\QuartileChallenge.Core\QuartileChallenge.Core.csproj", "{DF0E6DCD-20E8-F873-94C0-B2EEFFD8C180}"
EndProject
Project("{2150E333-8FDC-42A3-9474-1A3956D46DE8}") = "tests", "tests", "{93801818-643A-4C4E-BCF2-F53FF2E9B2F9}"
EndProject
Project("{FAE04EC0-301F-11D3-BF4B-00C04F79EFBC}") = "QuartileChallenge.Tests", "tests\QuartileChallenge.Tests\QuartileChallenge.Tests.csproj", "{CC8D6EC5-9FC5-2686-4A86-59D5C3321F9C}"
EndProject
Project("{FAE04EC0-301F-11D3-BF4B-00C04F79EFBC}") = "QuartileChallenge.StoreApi", "src\QuartileChallenge.StoreApi\QuartileChallenge.StoreApi.csproj", "{C813885E-5668-2918-F393-24CC2CB49268}"
EndProject
Project("{FAE04EC0-301F-11D3-BF4B-00C04F79EFBC}") = "QuartileChallenge.ProductFunction", "src\QuartileChallenge.ProductFunction\QuartileChallenge.ProductFunction.csproj", "{C5797B1E-EE56-E06E-A47B-2F9A59C63B9C}"
EndProject
Project("{FAE04EC0-301F-11D3-BF4B-00C04F79EFBC}") = "QuartileChallenge.IntegrationTests", "tests\QuartileChallenge.IntegrationTests\QuartileChallenge.IntegrationTests.csproj", "{FFA1B817-11A0-65F3-6823-35C8098CB876}"
EndProject
Project("{2150E333-8FDC-42A3-9474-1A3956D46DE8}") = "Postman", "Postman", "{27AEC788-DC66-45C6-9267-8578138A1BDC}"
	ProjectSection(SolutionItems) = preProject
		tests\Postman\QuartileChallenge.postman_collection.json = tests\Postman\QuartileChallenge.postman_collection.json
	EndProjectSection
EndProject
Project("{2150E333-8FDC-42A3-9474-1A3956D46DE8}") = "environments", "environments", "{DC334171-0A13-4740-B73F-6D5476DF59A1}"
	ProjectSection(SolutionItems) = preProject
		tests\Postman\environments\development.postman_environment.json = tests\Postman\environments\development.postman_environment.json
		tests\Postman\environments\production.postman_environment.json = tests\Postman\environments\production.postman_environment.json
		tests\Postman\environments\staging.postman_environment.json = tests\Postman\environments\staging.postman_environment.json
	EndProjectSection
EndProject
Global
	GlobalSection(SolutionConfigurationPlatforms) = preSolution
		Debug|Any CPU = Debug|Any CPU
		Release|Any CPU = Release|Any CPU
	EndGlobalSection
	GlobalSection(ProjectConfigurationPlatforms) = postSolution
		{3907E1FC-2B52-96DE-1D0B-F8AA1BDDECED}.Debug|Any CPU.ActiveCfg = Debug|Any CPU
		{3907E1FC-2B52-96DE-1D0B-F8AA1BDDECED}.Debug|Any CPU.Build.0 = Debug|Any CPU
		{3907E1FC-2B52-96DE-1D0B-F8AA1BDDECED}.Release|Any CPU.ActiveCfg = Release|Any CPU
		{3907E1FC-2B52-96DE-1D0B-F8AA1BDDECED}.Release|Any CPU.Build.0 = Release|Any CPU
		{DF0E6DCD-20E8-F873-94C0-B2EEFFD8C180}.Debug|Any CPU.ActiveCfg = Debug|Any CPU
		{DF0E6DCD-20E8-F873-94C0-B2EEFFD8C180}.Debug|Any CPU.Build.0 = Debug|Any CPU
		{DF0E6DCD-20E8-F873-94C0-B2EEFFD8C180}.Release|Any CPU.ActiveCfg = Release|Any CPU
		{DF0E6DCD-20E8-F873-94C0-B2EEFFD8C180}.Release|Any CPU.Build.0 = Release|Any CPU
		{CC8D6EC5-9FC5-2686-4A86-59D5C3321F9C}.Debug|Any CPU.ActiveCfg = Debug|Any CPU
		{CC8D6EC5-9FC5-2686-4A86-59D5C3321F9C}.Debug|Any CPU.Build.0 = Debug|Any CPU
		{CC8D6EC5-9FC5-2686-4A86-59D5C3321F9C}.Release|Any CPU.ActiveCfg = Release|Any CPU
		{CC8D6EC5-9FC5-2686-4A86-59D5C3321F9C}.Release|Any CPU.Build.0 = Release|Any CPU
		{C813885E-5668-2918-F393-24CC2CB49268}.Debug|Any CPU.ActiveCfg = Debug|Any CPU
		{C813885E-5668-2918-F393-24CC2CB49268}.Debug|Any CPU.Build.0 = Debug|Any CPU
		{C813885E-5668-2918-F393-24CC2CB49268}.Release|Any CPU.ActiveCfg = Release|Any CPU
		{C813885E-5668-2918-F393-24CC2CB49268}.Release|Any CPU.Build.0 = Release|Any CPU
		{C5797B1E-EE56-E06E-A47B-2F9A59C63B9C}.Debug|Any CPU.ActiveCfg = Debug|Any CPU
		{C5797B1E-EE56-E06E-A47B-2F9A59C63B9C}.Debug|Any CPU.Build.0 = Debug|Any CPU
		{C5797B1E-EE56-E06E-A47B-2F9A59C63B9C}.Release|Any CPU.ActiveCfg = Release|Any CPU
		{C5797B1E-EE56-E06E-A47B-2F9A59C63B9C}.Release|Any CPU.Build.0 = Release|Any CPU
		{FFA1B817-11A0-65F3-6823-35C8098CB876}.Debug|Any CPU.ActiveCfg = Debug|Any CPU
		{FFA1B817-11A0-65F3-6823-35C8098CB876}.Debug|Any CPU.Build.0 = Debug|Any CPU
		{FFA1B817-11A0-65F3-6823-35C8098CB876}.Release|Any CPU.ActiveCfg = Release|Any CPU
		{FFA1B817-11A0-65F3-6823-35C8098CB876}.Release|Any CPU.Build.0 = Release|Any CPU
	EndGlobalSection
	GlobalSection(SolutionProperties) = preSolution
		HideSolutionNode = FALSE
	EndGlobalSection
	GlobalSection(NestedProjects) = preSolution
		{3907E1FC-2B52-96DE-1D0B-F8AA1BDDECED} = {02EA681E-C7D8-13C7-8484-4AC65E1B71E8}
		{DF0E6DCD-20E8-F873-94C0-B2EEFFD8C180} = {02EA681E-C7D8-13C7-8484-4AC65E1B71E8}
		{CC8D6EC5-9FC5-2686-4A86-59D5C3321F9C} = {93801818-643A-4C4E-BCF2-F53FF2E9B2F9}
		{C813885E-5668-2918-F393-24CC2CB49268} = {02EA681E-C7D8-13C7-8484-4AC65E1B71E8}
		{C5797B1E-EE56-E06E-A47B-2F9A59C63B9C} = {02EA681E-C7D8-13C7-8484-4AC65E1B71E8}
		{FFA1B817-11A0-65F3-6823-35C8098CB876} = {93801818-643A-4C4E-BCF2-F53FF2E9B2F9}
		{27AEC788-DC66-45C6-9267-8578138A1BDC} = {93801818-643A-4C4E-BCF2-F53FF2E9B2F9}
		{DC334171-0A13-4740-B73F-6D5476DF59A1} = {27AEC788-DC66-45C6-9267-8578138A1BDC}
	EndGlobalSection
	GlobalSection(ExtensibilityGlobals) = postSolution
		SolutionGuid = {843546E4-5BC9-4693-B152-1CCA44FCACB8}
	EndGlobalSection
EndGlobal
